
Microsoft Visual Studio Solution File, Format Version 12.00
Project("{FAE04EC0-301F-11D3-BF4B-00C04F79EFBC}") = "PopupHost_ClickThroughPatch", "PopupHost_ClickThroughPatch.csproj", "{C620C2BF-C213-4488-87E3-58DB9C3F0508}"
EndProject
Project("{FAE04EC0-301F-11D3-BF4B-00C04F79EFBC}") = "Test", "Test\Test.csproj", "{872B0762-7483-4896-83AD-A2F26C4735D5}"
EndProject
Global
	GlobalSection(SolutionConfigurationPlatforms) = preSolution
		Debug|Any CPU = Debug|Any CPU
		Release|Any CPU = Release|Any CPU
	EndGlobalSection
	GlobalSection(ProjectConfigurationPlatforms) = postSolution
		{C620C2BF-C213-4488-87E3-58DB9C3F0508}.Debug|Any CPU.ActiveCfg = Debug|Any CPU
		{C620C2BF-C213-4488-87E3-58DB9C3F0508}.Debug|Any CPU.Build.0 = Debug|Any CPU
		{C620C2BF-C213-4488-87E3-58DB9C3F0508}.Release|Any CPU.ActiveCfg = Release|Any CPU
		{C620C2BF-C213-4488-87E3-58DB9C3F0508}.Release|Any CPU.Build.0 = Release|Any CPU
		{872B0762-7483-4896-83AD-A2F26C4735D5}.Debug|Any CPU.ActiveCfg = Debug|Any CPU
		{872B0762-7483-4896-83AD-A2F26C4735D5}.Debug|Any CPU.Build.0 = Debug|Any CPU
		{872B0762-7483-4896-83AD-A2F26C4735D5}.Release|Any CPU.ActiveCfg = Release|Any CPU
		{872B0762-7483-4896-83AD-A2F26C4735D5}.Release|Any CPU.Build.0 = Release|Any CPU
	EndGlobalSection
EndGlobal
